
Microsoft Visual Studio Solution File, Format Version 12.00
# Visual Studio 15
VisualStudioVersion = 15.0.27130.2024
MinimumVisualStudioVersion = 10.0.40219.1
Project("{FAE04EC0-301F-11D3-BF4B-00C04F79EFBC}") = "testPrep", "testPrep\testPrep.csproj", "{9161698E-056C-4040-9F1C-9399A4194AD1}"
EndProject
Global
	GlobalSection(SolutionConfigurationPlatforms) = preSolution
		Debug|Any CPU = Debug|Any CPU
		Release|Any CPU = Release|Any CPU
	EndGlobalSection
	GlobalSection(ProjectConfigurationPlatforms) = postSolution
		{9161698E-056C-4040-9F1C-9399A4194AD1}.Debug|Any CPU.ActiveCfg = Debug|Any CPU
		{9161698E-056C-4040-9F1C-9399A4194AD1}.Debug|Any CPU.Build.0 = Debug|Any CPU
		{9161698E-056C-4040-9F1C-9399A4194AD1}.Release|Any CPU.ActiveCfg = Release|Any CPU
		{9161698E-056C-4040-9F1C-9399A4194AD1}.Release|Any CPU.Build.0 = Release|Any CPU
	EndGlobalSection
	GlobalSection(SolutionProperties) = preSolution
		HideSolutionNode = FALSE
	EndGlobalSection
	GlobalSection(ExtensibilityGlobals) = postSolution
		SolutionGuid = {2F3F8DB8-589C-4A94-8238-5BDD5A2FA77B}
	EndGlobalSection
EndGlobal
